
Microsoft Visual Studio Solution File, Format Version 12.00
# Visual Studio Version 16
VisualStudioVersion = 16.0.30413.136
MinimumVisualStudioVersion = 10.0.40219.1
Project("{9A19103F-16F7-4668-BE54-9A1E7A4F7556}") = "Safehouse.Chat", "Safehouse.Chat.csproj", "{F7C7FC61-BFD1-4AF9-AB82-0AABACEE11E3}"
EndProject
Project("{9A19103F-16F7-4668-BE54-9A1E7A4F7556}") = "Safehouse.Core", "Safehouse.Core\Safehouse.Core.csproj", "{7FA96EBA-42BB-4CB7-913A-5C399C823A59}"
EndProject
Project("{9A19103F-16F7-4668-BE54-9A1E7A4F7556}") = "Safehouse.Repository", "Safehouse.Repository\Safehouse.Repository.csproj", "{84D407B8-F651-4B70-A225-2398DC39D447}"
EndProject
Global
	GlobalSection(SolutionConfigurationPlatforms) = preSolution
		Debug|Any CPU = Debug|Any CPU
		Release|Any CPU = Release|Any CPU
	EndGlobalSection
	GlobalSection(ProjectConfigurationPlatforms) = postSolution
		{F7C7FC61-BFD1-4AF9-AB82-0AABACEE11E3}.Debug|Any CPU.ActiveCfg = Debug|Any CPU
		{F7C7FC61-BFD1-4AF9-AB82-0AABACEE11E3}.Debug|Any CPU.Build.0 = Debug|Any CPU
		{F7C7FC61-BFD1-4AF9-AB82-0AABACEE11E3}.Release|Any CPU.ActiveCfg = Release|Any CPU
		{F7C7FC61-BFD1-4AF9-AB82-0AABACEE11E3}.Release|Any CPU.Build.0 = Release|Any CPU
		{7FA96EBA-42BB-4CB7-913A-5C399C823A59}.Debug|Any CPU.ActiveCfg = Debug|Any CPU
		{7FA96EBA-42BB-4CB7-913A-5C399C823A59}.Debug|Any CPU.Build.0 = Debug|Any CPU
		{7FA96EBA-42BB-4CB7-913A-5C399C823A59}.Release|Any CPU.ActiveCfg = Release|Any CPU
		{7FA96EBA-42BB-4CB7-913A-5C399C823A59}.Release|Any CPU.Build.0 = Release|Any CPU
		{84D407B8-F651-4B70-A225-2398DC39D447}.Debug|Any CPU.ActiveCfg = Debug|Any CPU
		{84D407B8-F651-4B70-A225-2398DC39D447}.Debug|Any CPU.Build.0 = Debug|Any CPU
		{84D407B8-F651-4B70-A225-2398DC39D447}.Release|Any CPU.ActiveCfg = Release|Any CPU
		{84D407B8-F651-4B70-A225-2398DC39D447}.Release|Any CPU.Build.0 = Release|Any CPU
	EndGlobalSection
	GlobalSection(SolutionProperties) = preSolution
		HideSolutionNode = FALSE
	EndGlobalSection
	GlobalSection(ExtensibilityGlobals) = postSolution
		SolutionGuid = {50361CD2-A317-4338-8C6A-1875400215D9}
	EndGlobalSection
EndGlobal
